// !$*UTF8*$!
{
	archiveVersion = 1;
	classes = {
	};
	objectVersion = 55;
	objects = {

/* Begin PBXBuildFile section */
		571EDF012849753E00D38B93 /* TransfermovilApp.swift in Sources */ = {isa = PBXBuildFile; fileRef = 571EDF002849753E00D38B93 /* TransfermovilApp.swift */; };
		571EDF032849753F00D38B93 /* ContentView.swift in Sources */ = {isa = PBXBuildFile; fileRef = 571EDF022849753F00D38B93 /* ContentView.swift */; };
		571EDF052849754000D38B93 /* Assets.xcassets in Resources */ = {isa = PBXBuildFile; fileRef = 571EDF042849754000D38B93 /* Assets.xcassets */; };
		571EDF082849754000D38B93 /* Preview Assets.xcassets in Resources */ = {isa = PBXBuildFile; fileRef = 571EDF072849754000D38B93 /* Preview Assets.xcassets */; };
		571EDF122849754100D38B93 /* TransfermovilTests.swift in Sources */ = {isa = PBXBuildFile; fileRef = 571EDF112849754100D38B93 /* TransfermovilTests.swift */; };
		571EDF1C2849754100D38B93 /* TransfermovilUITests.swift in Sources */ = {isa = PBXBuildFile; fileRef = 571EDF1B2849754100D38B93 /* TransfermovilUITests.swift */; };
		571EDF1E2849754100D38B93 /* TransfermovilUITestsLaunchTests.swift in Sources */ = {isa = PBXBuildFile; fileRef = 571EDF1D2849754100D38B93 /* TransfermovilUITestsLaunchTests.swift */; };
/* End PBXBuildFile section */

/* Begin PBXContainerItemProxy section */
		571EDF0E2849754100D38B93 /* PBXContainerItemProxy */ = {
			isa = PBXContainerItemProxy;
			containerPortal = 571EDEF52849753E00D38B93 /* Project object */;
			proxyType = 1;
			remoteGlobalIDString = 571EDEFC2849753E00D38B93;
			remoteInfo = Transfermovil;
		};
		571EDF182849754100D38B93 /* PBXContainerItemProxy */ = {
			isa = PBXContainerItemProxy;
			containerPortal = 571EDEF52849753E00D38B93 /* Project object */;
			proxyType = 1;
			remoteGlobalIDString = 571EDEFC2849753E00D38B93;
			remoteInfo = Transfermovil;
		};
/* End PBXContainerItemProxy section */

/* Begin PBXFileReference section */
		571EDEFD2849753E00D38B93 /* Transfermovil.app */ = {isa = PBXFileReference; explicitFileType = wrapper.application; includeInIndex = 0; path = Transfermovil.app; sourceTree = BUILT_PRODUCTS_DIR; };
		571EDF002849753E00D38B93 /* TransfermovilApp.swift */ = {isa = PBXFileReference; lastKnownFileType = sourcecode.swift; path = TransfermovilApp.swift; sourceTree = "<group>"; };
		571EDF022849753F00D38B93 /* ContentView.swift */ = {isa = PBXFileReference; lastKnownFileType = sourcecode.swift; path = ContentView.swift; sourceTree = "<group>"; };
		571EDF042849754000D38B93 /* Assets.xcassets */ = {isa = PBXFileReference; lastKnownFileType = folder.assetcatalog; path = Assets.xcassets; sourceTree = "<group>"; };
		571EDF072849754000D38B93 /* Preview Assets.xcassets */ = {isa = PBXFileReference; lastKnownFileType = folder.assetcatalog; path = "Preview Assets.xcassets"; sourceTree = "<group>"; };
		571EDF0D2849754100D38B93 /* TransfermovilTests.xctest */ = {isa = PBXFileReference; explicitFileType = wrapper.cfbundle; includeInIndex = 0; path = TransfermovilTests.xctest; sourceTree = BUILT_PRODUCTS_DIR; };
		571EDF112849754100D38B93 /* TransfermovilTests.swift */ = {isa = PBXFileReference; lastKnownFileType = sourcecode.swift; path = TransfermovilTests.swift; sourceTree = "<group>"; };
		571EDF172849754100D38B93 /* TransfermovilUITests.xctest */ = {isa = PBXFileReference; explicitFileType = wrapper.cfbundle; includeInIndex = 0; path = TransfermovilUITests.xctest; sourceTree = BUILT_PRODUCTS_DIR; };
		571EDF1B2849754100D38B93 /* TransfermovilUITests.swift */ = {isa = PBXFileReference; lastKnownFileType = sourcecode.swift; path = TransfermovilUITests.swift; sourceTree = "<group>"; };
		571EDF1D2849754100D38B93 /* TransfermovilUITestsLaunchTests.swift */ = {isa = PBXFileReference; lastKnownFileType = sourcecode.swift; path = TransfermovilUITestsLaunchTests.swift; sourceTree = "<group>"; };
/* End PBXFileReference section */

/* Begin PBXFrameworksBuildPhase section */
		571EDEFA2849753E00D38B93 /* Frameworks */ = {
			isa = PBXFrameworksBuildPhase;
			buildActionMask = 2147483647;
			files = (
			);
			runOnlyForDeploymentPostprocessing = 0;
		};
		571EDF0A2849754100D38B93 /* Frameworks */ = {
			isa = PBXFrameworksBuildPhase;
			buildActionMask = 2147483647;
			files = (
			);
			runOnlyForDeploymentPostprocessing = 0;
		};
		571EDF142849754100D38B93 /* Frameworks */ = {
			isa = PBXFrameworksBuildPhase;
			buildActionMask = 2147483647;
			files = (
			);
			runOnlyForDeploymentPostprocessing = 0;
		};
/* End PBXFrameworksBuildPhase section */

/* Begin PBXGroup section */
		571EDEF42849753E00D38B93 = {
			isa = PBXGroup;
			children = (
				571EDEFF2849753E00D38B93 /* Transfermovil */,
				571EDF102849754100D38B93 /* TransfermovilTests */,
				571EDF1A2849754100D38B93 /* TransfermovilUITests */,
				571EDEFE2849753E00D38B93 /* Products */,
			);
			sourceTree = "<group>";
		};
		571EDEFE2849753E00D38B93 /* Products */ = {
			isa = PBXGroup;
			children = (
				571EDEFD2849753E00D38B93 /* Transfermovil.app */,
				571EDF0D2849754100D38B93 /* TransfermovilTests.xctest */,
				571EDF172849754100D38B93 /* TransfermovilUITests.xctest */,
			);
			name = Products;
			sourceTree = "<group>";
		};
		571EDEFF2849753E00D38B93 /* Transfermovil */ = {
			isa = PBXGroup;
			children = (
				571EDF002849753E00D38B93 /* TransfermovilApp.swift */,
				571EDF022849753F00D38B93 /* ContentView.swift */,
				571EDF042849754000D38B93 /* Assets.xcassets */,
				571EDF062849754000D38B93 /* Preview Content */,
			);
			path = Transfermovil;
			sourceTree = "<group>";
		};
		571EDF062849754000D38B93 /* Preview Content */ = {
			isa = PBXGroup;
			children = (
				571EDF072849754000D38B93 /* Preview Assets.xcassets */,
			);
			path = "Preview Content";
			sourceTree = "<group>";
		};
		571EDF102849754100D38B93 /* TransfermovilTests */ = {
			isa = PBXGroup;
			children = (
				571EDF112849754100D38B93 /* TransfermovilTests.swift */,
			);
			path = TransfermovilTests;
			sourceTree = "<group>";
		};
		571EDF1A2849754100D38B93 /* TransfermovilUITests */ = {
			isa = PBXGroup;
			children = (
				571EDF1B2849754100D38B93 /* TransfermovilUITests.swift */,
				571EDF1D2849754100D38B93 /* TransfermovilUITestsLaunchTests.swift */,
			);
			path = TransfermovilUITests;
			sourceTree = "<group>";
		};
/* End PBXGroup section */

/* Begin PBXNativeTarget section */
		571EDEFC2849753E00D38B93 /* Transfermovil */ = {
			isa = PBXNativeTarget;
			buildConfigurationList = 571EDF212849754100D38B93 /* Build configuration list for PBXNativeTarget "Transfermovil" */;
			buildPhases = (
				571EDEF92849753E00D38B93 /* Sources */,
				571EDEFA2849753E00D38B93 /* Frameworks */,
				571EDEFB2849753E00D38B93 /* Resources */,
			);
			buildRules = (
			);
			dependencies = (
			);
			name = Transfermovil;
			productName = Transfermovil;
			productReference = 571EDEFD2849753E00D38B93 /* Transfermovil.app */;
			productType = "com.apple.product-type.application";
		};
		571EDF0C2849754100D38B93 /* TransfermovilTests */ = {
			isa = PBXNativeTarget;
			buildConfigurationList = 571EDF242849754100D38B93 /* Build configuration list for PBXNativeTarget "TransfermovilTests" */;
			buildPhases = (
				571EDF092849754100D38B93 /* Sources */,
				571EDF0A2849754100D38B93 /* Frameworks */,
				571EDF0B2849754100D38B93 /* Resources */,
			);
			buildRules = (
			);
			dependencies = (
				571EDF0F2849754100D38B93 /* PBXTargetDependency */,
			);
			name = TransfermovilTests;
			productName = TransfermovilTests;
			productReference = 571EDF0D2849754100D38B93 /* TransfermovilTests.xctest */;
			productType = "com.apple.product-type.bundle.unit-test";
		};
		571EDF162849754100D38B93 /* TransfermovilUITests */ = {
			isa = PBXNativeTarget;
			buildConfigurationList = 571EDF272849754100D38B93 /* Build configuration list for PBXNativeTarget "TransfermovilUITests" */;
			buildPhases = (
				571EDF132849754100D38B93 /* Sources */,
				571EDF142849754100D38B93 /* Frameworks */,
				571EDF152849754100D38B93 /* Resources */,
			);
			buildRules = (
			);
			dependencies = (
				571EDF192849754100D38B93 /* PBXTargetDependency */,
			);
			name = TransfermovilUITests;
			productName = TransfermovilUITests;
			productReference = 571EDF172849754100D38B93 /* TransfermovilUITests.xctest */;
			productType = "com.apple.product-type.bundle.ui-testing";
		};
/* End PBXNativeTarget section */

/* Begin PBXProject section */
		571EDEF52849753E00D38B93 /* Project object */ = {
			isa = PBXProject;
			attributes = {
				BuildIndependentTargetsInParallel = 1;
				LastSwiftUpdateCheck = 1340;
				LastUpgradeCheck = 1340;
				TargetAttributes = {
					571EDEFC2849753E00D38B93 = {
						CreatedOnToolsVersion = 13.4;
					};
					571EDF0C2849754100D38B93 = {
						CreatedOnToolsVersion = 13.4;
						TestTargetID = 571EDEFC2849753E00D38B93;
					};
					571EDF162849754100D38B93 = {
						CreatedOnToolsVersion = 13.4;
						TestTargetID = 571EDEFC2849753E00D38B93;
					};
				};
			};
			buildConfigurationList = 571EDEF82849753E00D38B93 /* Build configuration list for PBXProject "Transfermovil" */;
			compatibilityVersion = "Xcode 13.0";
			developmentRegion = en;
			hasScannedForEncodings = 0;
			knownRegions = (
				en,
				Base,
			);
			mainGroup = 571EDEF42849753E00D38B93;
			productRefGroup = 571EDEFE2849753E00D38B93 /* Products */;
			projectDirPath = "";
			projectRoot = "";
			targets = (
				571EDEFC2849753E00D38B93 /* Transfermovil */,
				571EDF0C2849754100D38B93 /* TransfermovilTests */,
				571EDF162849754100D38B93 /* TransfermovilUITests */,
			);
		};
/* End PBXProject section */

/* Begin PBXResourcesBuildPhase section */
		571EDEFB2849753E00D38B93 /* Resources */ = {
			isa = PBXResourcesBuildPhase;
			buildActionMask = 2147483647;
			files = (
				571EDF082849754000D38B93 /* Preview Assets.xcassets in Resources */,
				571EDF052849754000D38B93 /* Assets.xcassets in Resources */,
			);
			runOnlyForDeploymentPostprocessing = 0;
		};
		571EDF0B2849754100D38B93 /* Resources */ = {
			isa = PBXResourcesBuildPhase;
			buildActionMask = 2147483647;
			files = (
			);
			runOnlyForDeploymentPostprocessing = 0;
		};
		571EDF152849754100D38B93 /* Resources */ = {
			isa = PBXResourcesBuildPhase;
			buildActionMask = 2147483647;
			files = (
			);
			runOnlyForDeploymentPostprocessing = 0;
		};
/* End PBXResourcesBuildPhase section */

/* Begin PBXSourcesBuildPhase section */
		571EDEF92849753E00D38B93 /* Sources */ = {
			isa = PBXSourcesBuildPhase;
			buildActionMask = 2147483647;
			files = (
				571EDF032849753F00D38B93 /* ContentView.swift in Sources */,
				571EDF012849753E00D38B93 /* TransfermovilApp.swift in Sources */,
			);
			runOnlyForDeploymentPostprocessing = 0;
		};
		571EDF092849754100D38B93 /* Sources */ = {
			isa = PBXSourcesBuildPhase;
			buildActionMask = 2147483647;
			files = (
				571EDF122849754100D38B93 /* TransfermovilTests.swift in Sources */,
			);
			runOnlyForDeploymentPostprocessing = 0;
		};
		571EDF132849754100D38B93 /* Sources */ = {
			isa = PBXSourcesBuildPhase;
			buildActionMask = 2147483647;
			files = (
				571EDF1C2849754100D38B93 /* TransfermovilUITests.swift in Sources */,
				571EDF1E2849754100D38B93 /* TransfermovilUITestsLaunchTests.swift in Sources */,
			);
			runOnlyForDeploymentPostprocessing = 0;
		};
/* End PBXSourcesBuildPhase section */

/* Begin PBXTargetDependency section */
		571EDF0F2849754100D38B93 /* PBXTargetDependency */ = {
			isa = PBXTargetDependency;
			target = 571EDEFC2849753E00D38B93 /* Transfermovil */;
			targetProxy = 571EDF0E2849754100D38B93 /* PBXContainerItemProxy */;
		};
		571EDF192849754100D38B93 /* PBXTargetDependency */ = {
			isa = PBXTargetDependency;
			target = 571EDEFC2849753E00D38B93 /* Transfermovil */;
			targetProxy = 571EDF182849754100D38B93 /* PBXContainerItemProxy */;
		};
/* End PBXTargetDependency section */

/* Begin XCBuildConfiguration section */
		571EDF1F2849754100D38B93 /* Debug */ = {
			isa = XCBuildConfiguration;
			buildSettings = {
				ALWAYS_SEARCH_USER_PATHS = NO;
				CLANG_ANALYZER_NONNULL = YES;
				CLANG_ANALYZER_NUMBER_OBJECT_CONVERSION = YES_AGGRESSIVE;
				CLANG_CXX_LANGUAGE_STANDARD = "gnu++17";
				CLANG_ENABLE_MODULES = YES;
				CLANG_ENABLE_OBJC_ARC = YES;
				CLANG_ENABLE_OBJC_WEAK = YES;
				CLANG_WARN_BLOCK_CAPTURE_AUTORELEASING = YES;
				CLANG_WARN_BOOL_CONVERSION = YES;
				CLANG_WARN_COMMA = YES;
				CLANG_WARN_CONSTANT_CONVERSION = YES;
				CLANG_WARN_DEPRECATED_OBJC_IMPLEMENTATIONS = YES;
				CLANG_WARN_DIRECT_OBJC_ISA_USAGE = YES_ERROR;
				CLANG_WARN_DOCUMENTATION_COMMENTS = YES;
				CLANG_WARN_EMPTY_BODY = YES;
				CLANG_WARN_ENUM_CONVERSION = YES;
				CLANG_WARN_INFINITE_RECURSION = YES;
				CLANG_WARN_INT_CONVERSION = YES;
				CLANG_WARN_NON_LITERAL_NULL_CONVERSION = YES;
				CLANG_WARN_OBJC_IMPLICIT_RETAIN_SELF = YES;
				CLANG_WARN_OBJC_LITERAL_CONVERSION = YES;
				CLANG_WARN_OBJC_ROOT_CLASS = YES_ERROR;
				CLANG_WARN_QUOTED_INCLUDE_IN_FRAMEWORK_HEADER = YES;
				CLANG_WARN_RANGE_LOOP_ANALYSIS = YES;
				CLANG_WARN_STRICT_PROTOTYPES = YES;
				CLANG_WARN_SUSPICIOUS_MOVE = YES;
				CLANG_WARN_UNGUARDED_AVAILABILITY = YES_AGGRESSIVE;
				CLANG_WARN_UNREACHABLE_CODE = YES;
				CLANG_WARN__DUPLICATE_METHOD_MATCH = YES;
				COPY_PHASE_STRIP = NO;
				DEBUG_INFORMATION_FORMAT = dwarf;
				ENABLE_STRICT_OBJC_MSGSEND = YES;
				ENABLE_TESTABILITY = YES;
				GCC_C_LANGUAGE_STANDARD = gnu11;
				GCC_DYNAMIC_NO_PIC = NO;
				GCC_NO_COMMON_BLOCKS = YES;
				GCC_OPTIMIZATION_LEVEL = 0;
				GCC_PREPROCESSOR_DEFINITIONS = (
					"DEBUG=1",
					"$(inherited)",
				);
				GCC_WARN_64_TO_32_BIT_CONVERSION = YES;
				GCC_WARN_ABOUT_RETURN_TYPE = YES_ERROR;
				GCC_WARN_UNDECLARED_SELECTOR = YES;
				GCC_WARN_UNINITIALIZED_AUTOS = YES_AGGRESSIVE;
				GCC_WARN_UNUSED_FUNCTION = YES;
				GCC_WARN_UNUSED_VARIABLE = YES;
				IPHONEOS_DEPLOYMENT_TARGET = 15.5;
				MTL_ENABLE_DEBUG_INFO = INCLUDE_SOURCE;
				MTL_FAST_MATH = YES;
				ONLY_ACTIVE_ARCH = YES;
				SDKROOT = iphoneos;
				SWIFT_ACTIVE_COMPILATION_CONDITIONS = DEBUG;
				SWIFT_OPTIMIZATION_LEVEL = "-Onone";
			};
			name = Debug;
		};
		571EDF202849754100D38B93 /* Release */ = {
			isa = XCBuildConfiguration;
			buildSettings = {
				ALWAYS_SEARCH_USER_PATHS = NO;
				CLANG_ANALYZER_NONNULL = YES;
				CLANG_ANALYZER_NUMBER_OBJECT_CONVERSION = YES_AGGRESSIVE;
				CLANG_CXX_LANGUAGE_STANDARD = "gnu++17";
				CLANG_ENABLE_MODULES = YES;
				CLANG_ENABLE_OBJC_ARC = YES;
				CLANG_ENABLE_OBJC_WEAK = YES;
				CLANG_WARN_BLOCK_CAPTURE_AUTORELEASING = YES;
				CLANG_WARN_BOOL_CONVERSION = YES;
				CLANG_WARN_COMMA = YES;
				CLANG_WARN_CONSTANT_CONVERSION = YES;
				CLANG_WARN_DEPRECATED_OBJC_IMPLEMENTATIONS = YES;
				CLANG_WARN_DIRECT_OBJC_ISA_USAGE = YES_ERROR;
				CLANG_WARN_DOCUMENTATION_COMMENTS = YES;
				CLANG_WARN_EMPTY_BODY = YES;
				CLANG_WARN_ENUM_CONVERSION = YES;
				CLANG_WARN_INFINITE_RECURSION = YES;
				CLANG_WARN_INT_CONVERSION = YES;
				CLANG_WARN_NON_LITERAL_NULL_CONVERSION = YES;
				CLANG_WARN_OBJC_IMPLICIT_RETAIN_SELF = YES;
				CLANG_WARN_OBJC_LITERAL_CONVERSION = YES;
				CLANG_WARN_OBJC_ROOT_CLASS = YES_ERROR;
				CLANG_WARN_QUOTED_INCLUDE_IN_FRAMEWORK_HEADER = YES;
				CLANG_WARN_RANGE_LOOP_ANALYSIS = YES;
				CLANG_WARN_STRICT_PROTOTYPES = YES;
				CLANG_WARN_SUSPICIOUS_MOVE = YES;
				CLANG_WARN_UNGUARDED_AVAILABILITY = YES_AGGRESSIVE;
				CLANG_WARN_UNREACHABLE_CODE = YES;
				CLANG_WARN__DUPLICATE_METHOD_MATCH = YES;
				COPY_PHASE_STRIP = NO;
				DEBUG_INFORMATION_FORMAT = "dwarf-with-dsym";
				ENABLE_NS_ASSERTIONS = NO;
				ENABLE_STRICT_OBJC_MSGSEND = YES;
				GCC_C_LANGUAGE_STANDARD = gnu11;
				GCC_NO_COMMON_BLOCKS = YES;
				GCC_WARN_64_TO_32_BIT_CONVERSION = YES;
				GCC_WARN_ABOUT_RETURN_TYPE = YES_ERROR;
				GCC_WARN_UNDECLARED_SELECTOR = YES;
				GCC_WARN_UNINITIALIZED_AUTOS = YES_AGGRESSIVE;
				GCC_WARN_UNUSED_FUNCTION = YES;
				GCC_WARN_UNUSED_VARIABLE = YES;
				IPHONEOS_DEPLOYMENT_TARGET = 15.5;
				MTL_ENABLE_DEBUG_INFO = NO;
				MTL_FAST_MATH = YES;
				SDKROOT = iphoneos;
				SWIFT_COMPILATION_MODE = wholemodule;
				SWIFT_OPTIMIZATION_LEVEL = "-O";
				VALIDATE_PRODUCT = YES;
			};
			name = Release;
		};
		571EDF222849754100D38B93 /* Debug */ = {
			isa = XCBuildConfiguration;
			buildSettings = {
				ASSETCATALOG_COMPILER_APPICON_NAME = AppIcon;
				ASSETCATALOG_COMPILER_GLOBAL_ACCENT_COLOR_NAME = AccentColor;
				CODE_SIGN_STYLE = Automatic;
				CURRENT_PROJECT_VERSION = 1;
				DEVELOPMENT_ASSET_PATHS = "\"Transfermovil/Preview Content\"";
				DEVELOPMENT_TEAM = 3W589W9F3P;
				ENABLE_PREVIEWS = YES;
				GENERATE_INFOPLIST_FILE = YES;
				INFOPLIST_KEY_UIApplicationSceneManifest_Generation = YES;
				INFOPLIST_KEY_UIApplicationSupportsIndirectInputEvents = YES;
				INFOPLIST_KEY_UILaunchScreen_Generation = YES;
				INFOPLIST_KEY_UISupportedInterfaceOrientations_iPad = "UIInterfaceOrientationPortrait UIInterfaceOrientationPortraitUpsideDown UIInterfaceOrientationLandscapeLeft UIInterfaceOrientationLandscapeRight";
				INFOPLIST_KEY_UISupportedInterfaceOrientations_iPhone = "UIInterfaceOrientationPortrait UIInterfaceOrientationLandscapeLeft UIInterfaceOrientationLandscapeRight";
				LD_RUNPATH_SEARCH_PATHS = (
					"$(inherited)",
					"@executable_path/Frameworks",
				);
				MARKETING_VERSION = 1.0;
				PRODUCT_BUNDLE_IDENTIFIER = com.victorovento.Transfermovil;
				PRODUCT_NAME = "$(TARGET_NAME)";
				SWIFT_EMIT_LOC_STRINGS = YES;
				SWIFT_VERSION = 5.0;
				TARGETED_DEVICE_FAMILY = "1,2";
			};
			name = Debug;
		};
		571EDF232849754100D38B93 /* Release */ = {
			isa = XCBuildConfiguration;
			buildSettings = {
				ASSETCATALOG_COMPILER_APPICON_NAME = AppIcon;
				ASSETCATALOG_COMPILER_GLOBAL_ACCENT_COLOR_NAME = AccentColor;
				CODE_SIGN_STYLE = Automatic;
				CURRENT_PROJECT_VERSION = 1;
				DEVELOPMENT_ASSET_PATHS = "\"Transfermovil/Preview Content\"";
				DEVELOPMENT_TEAM = 3W589W9F3P;
				ENABLE_PREVIEWS = YES;
				GENERATE_INFOPLIST_FILE = YES;
				INFOPLIST_KEY_UIApplicationSceneManifest_Generation = YES;
				INFOPLIST_KEY_UIApplicationSupportsIndirectInputEvents = YES;
				INFOPLIST_KEY_UILaunchScreen_Generation = YES;
				INFOPLIST_KEY_UISupportedInterfaceOrientations_iPad = "UIInterfaceOrientationPortrait UIInterfaceOrientationPortraitUpsideDown UIInterfaceOrientationLandscapeLeft UIInterfaceOrientationLandscapeRight";
				INFOPLIST_KEY_UISupportedInterfaceOrientations_iPhone = "UIInterfaceOrientationPortrait UIInterfaceOrientationLandscapeLeft UIInterfaceOrientationLandscapeRight";
				LD_RUNPATH_SEARCH_PATHS = (
					"$(inherited)",
					"@executable_path/Frameworks",
				);
				MARKETING_VERSION = 1.0;
				PRODUCT_BUNDLE_IDENTIFIER = com.victorovento.Transfermovil;
				PRODUCT_NAME = "$(TARGET_NAME)";
				SWIFT_EMIT_LOC_STRINGS = YES;
				SWIFT_VERSION = 5.0;
				TARGETED_DEVICE_FAMILY = "1,2";
			};
			name = Release;
		};
		571EDF252849754100D38B93 /* Debug */ = {
			isa = XCBuildConfiguration;
			buildSettings = {
				ALWAYS_EMBED_SWIFT_STANDARD_LIBRARIES = YES;
				BUNDLE_LOADER = "$(TEST_HOST)";
				CODE_SIGN_STYLE = Automatic;
				CURRENT_PROJECT_VERSION = 1;
				DEVELOPMENT_TEAM = 3W589W9F3P;
				GENERATE_INFOPLIST_FILE = YES;
				IPHONEOS_DEPLOYMENT_TARGET = 15.5;
				MARKETING_VERSION = 1.0;
				PRODUCT_BUNDLE_IDENTIFIER = com.victorovento.TransfermovilTests;
				PRODUCT_NAME = "$(TARGET_NAME)";
				SWIFT_EMIT_LOC_STRINGS = NO;
				SWIFT_VERSION = 5.0;
				TARGETED_DEVICE_FAMILY = "1,2";
				TEST_HOST = "$(BUILT_PRODUCTS_DIR)/Transfermovil.app/Transfermovil";
			};
			name = Debug;
		};
		571EDF262849754100D38B93 /* Release */ = {
			isa = XCBuildConfiguration;
			buildSettings = {
				ALWAYS_EMBED_SWIFT_STANDARD_LIBRARIES = YES;
				BUNDLE_LOADER = "$(TEST_HOST)";
				CODE_SIGN_STYLE = Automatic;
				CURRENT_PROJECT_VERSION = 1;
				DEVELOPMENT_TEAM = 3W589W9F3P;
				GENERATE_INFOPLIST_FILE = YES;
				IPHONEOS_DEPLOYMENT_TARGET = 15.5;
				MARKETING_VERSION = 1.0;
				PRODUCT_BUNDLE_IDENTIFIER = com.victorovento.TransfermovilTests;
				PRODUCT_NAME = "$(TARGET_NAME)";
				SWIFT_EMIT_LOC_STRINGS = NO;
				SWIFT_VERSION = 5.0;
				TARGETED_DEVICE_FAMILY = "1,2";
				TEST_HOST = "$(BUILT_PRODUCTS_DIR)/Transfermovil.app/Transfermovil";
			};
			name = Release;
		};
		571EDF282849754100D38B93 /* Debug */ = {
			isa = XCBuildConfiguration;
			buildSettings = {
				ALWAYS_EMBED_SWIFT_STANDARD_LIBRARIES = YES;
				CODE_SIGN_STYLE = Automatic;
				CURRENT_PROJECT_VERSION = 1;
				DEVELOPMENT_TEAM = 3W589W9F3P;
				GENERATE_INFOPLIST_FILE = YES;
				MARKETING_VERSION = 1.0;
				PRODUCT_BUNDLE_IDENTIFIER = com.victorovento.TransfermovilUITests;
				PRODUCT_NAME = "$(TARGET_NAME)";
				SWIFT_EMIT_LOC_STRINGS = NO;
				SWIFT_VERSION = 5.0;
				TARGETED_DEVICE_FAMILY = "1,2";
				TEST_TARGET_NAME = Transfermovil;
			};
			name = Debug;
		};
		571EDF292849754100D38B93 /* Release */ = {
			isa = XCBuildConfiguration;
			buildSettings = {
				ALWAYS_EMBED_SWIFT_STANDARD_LIBRARIES = YES;
				CODE_SIGN_STYLE = Automatic;
				CURRENT_PROJECT_VERSION = 1;
				DEVELOPMENT_TEAM = 3W589W9F3P;
				GENERATE_INFOPLIST_FILE = YES;
				MARKETING_VERSION = 1.0;
				PRODUCT_BUNDLE_IDENTIFIER = com.victorovento.TransfermovilUITests;
				PRODUCT_NAME = "$(TARGET_NAME)";
				SWIFT_EMIT_LOC_STRINGS = NO;
				SWIFT_VERSION = 5.0;
				TARGETED_DEVICE_FAMILY = "1,2";
				TEST_TARGET_NAME = Transfermovil;
			};
			name = Release;
		};
/* End XCBuildConfiguration section */

/* Begin XCConfigurationList section */
		571EDEF82849753E00D38B93 /* Build configuration list for PBXProject "Transfermovil" */ = {
			isa = XCConfigurationList;
			buildConfigurations = (
				571EDF1F2849754100D38B93 /* Debug */,
				571EDF202849754100D38B93 /* Release */,
			);
			defaultConfigurationIsVisible = 0;
			defaultConfigurationName = Release;
		};
		571EDF212849754100D38B93 /* Build configuration list for PBXNativeTarget "Transfermovil" */ = {
			isa = XCConfigurationList;
			buildConfigurations = (
				571EDF222849754100D38B93 /* Debug */,
				571EDF232849754100D38B93 /* Release */,
			);
			defaultConfigurationIsVisible = 0;
			defaultConfigurationName = Release;
		};
		571EDF242849754100D38B93 /* Build configuration list for PBXNativeTarget "TransfermovilTests" */ = {
			isa = XCConfigurationList;
			buildConfigurations = (
				571EDF252849754100D38B93 /* Debug */,
				571EDF262849754100D38B93 /* Release */,
			);
			defaultConfigurationIsVisible = 0;
			defaultConfigurationName = Release;
		};
		571EDF272849754100D38B93 /* Build configuration list for PBXNativeTarget "TransfermovilUITests" */ = {
			isa = XCConfigurationList;
			buildConfigurations = (
				571EDF282849754100D38B93 /* Debug */,
				571EDF292849754100D38B93 /* Release */,
			);
			defaultConfigurationIsVisible = 0;
			defaultConfigurationName = Release;
		};
/* End XCConfigurationList section */
	};
	rootObject = 571EDEF52849753E00D38B93 /* Project object */;
}
